
Microsoft Visual Studio Solution File, Format Version 12.00
# Visual Studio Version 17
VisualStudioVersion = 17.9.34723.18
MinimumVisualStudioVersion = 10.0.40219.1
Project("{FAE04EC0-301F-11D3-BF4B-00C04F79EFBC}") = "Cutter", "Cutter\Cutter.csproj", "{9F2557C5-7361-4CF8-9BC0-0CDB9281877A}"
EndProject
Project("{FAE04EC0-301F-11D3-BF4B-00C04F79EFBC}") = "MyCutters", "MyCutters\MyCutters.csproj", "{1886E0BF-577E-456C-B1FA-C0C30718D5DA}"
EndProject
Global
	GlobalSection(SolutionConfigurationPlatforms) = preSolution
		Debug|Any CPU = Debug|Any CPU
		Release|Any CPU = Release|Any CPU
	EndGlobalSection
	GlobalSection(ProjectConfigurationPlatforms) = postSolution
		{9F2557C5-7361-4CF8-9BC0-0CDB9281877A}.Debug|Any CPU.ActiveCfg = Debug|Any CPU
		{9F2557C5-7361-4CF8-9BC0-0CDB9281877A}.Debug|Any CPU.Build.0 = Debug|Any CPU
		{9F2557C5-7361-4CF8-9BC0-0CDB9281877A}.Release|Any CPU.ActiveCfg = Release|Any CPU
		{9F2557C5-7361-4CF8-9BC0-0CDB9281877A}.Release|Any CPU.Build.0 = Release|Any CPU
		{1886E0BF-577E-456C-B1FA-C0C30718D5DA}.Debug|Any CPU.ActiveCfg = Debug|Any CPU
		{1886E0BF-577E-456C-B1FA-C0C30718D5DA}.Debug|Any CPU.Build.0 = Debug|Any CPU
		{1886E0BF-577E-456C-B1FA-C0C30718D5DA}.Release|Any CPU.ActiveCfg = Release|Any CPU
		{1886E0BF-577E-456C-B1FA-C0C30718D5DA}.Release|Any CPU.Build.0 = Release|Any CPU
	EndGlobalSection
	GlobalSection(SolutionProperties) = preSolution
		HideSolutionNode = FALSE
	EndGlobalSection
	GlobalSection(ExtensibilityGlobals) = postSolution
		SolutionGuid = {C4A063EF-271A-44A8-BD17-44C41AA3D3AF}
	EndGlobalSection
EndGlobal
